// !$*UTF8*$!
{
	archiveVersion = 1;
	classes = {
	};
	objectVersion = 55;
	objects = {

/* Begin PBXBuildFile section */
		1AECBBAE3033D7FF6CC41B4F /* WikiGameJPTests-WikiGameJPMocks.generated.swift in Sources */ = {isa = PBXBuildFile; fileRef = 6E1CBE5A7EDFF23A412A4F86 /* WikiGameJPTests-WikiGameJPMocks.generated.swift */; };
		B200B1A0288CF1D800BB7874 /* AppDelegate.swift in Sources */ = {isa = PBXBuildFile; fileRef = B200B19F288CF1D800BB7874 /* AppDelegate.swift */; };
		B200B1A2288CF1D800BB7874 /* SceneDelegate.swift in Sources */ = {isa = PBXBuildFile; fileRef = B200B1A1288CF1D800BB7874 /* SceneDelegate.swift */; };
		B200B1A4288CF1D800BB7874 /* MainViewController.swift in Sources */ = {isa = PBXBuildFile; fileRef = B200B1A3288CF1D800BB7874 /* MainViewController.swift */; };
		B200B1A9288CF1D900BB7874 /* Assets.xcassets in Resources */ = {isa = PBXBuildFile; fileRef = B200B1A8288CF1D900BB7874 /* Assets.xcassets */; };
		B200B1B7288CF1D900BB7874 /* MainViewControllerTests.swift in Sources */ = {isa = PBXBuildFile; fileRef = B200B1B6288CF1D900BB7874 /* MainViewControllerTests.swift */; };
		B200B1C1288CF1D900BB7874 /* WikiGameJPUITests.swift in Sources */ = {isa = PBXBuildFile; fileRef = B200B1C0288CF1D900BB7874 /* WikiGameJPUITests.swift */; };
		B200B1C3288CF1D900BB7874 /* WikiGameJPUITestsLaunchTests.swift in Sources */ = {isa = PBXBuildFile; fileRef = B200B1C2288CF1D900BB7874 /* WikiGameJPUITestsLaunchTests.swift */; };
		B2095A932897D15F00E91226 /* Router.swift in Sources */ = {isa = PBXBuildFile; fileRef = B2095A922897D15F00E91226 /* Router.swift */; };
		B2095A952897D21000E91226 /* NavigationRouter.swift in Sources */ = {isa = PBXBuildFile; fileRef = B2095A942897D21000E91226 /* NavigationRouter.swift */; };
		B2095A972897D22400E91226 /* AppNavigationController.swift in Sources */ = {isa = PBXBuildFile; fileRef = B2095A962897D22400E91226 /* AppNavigationController.swift */; };
		B2095A9A2897D2C000E91226 /* NavigationRouterSpy.swift in Sources */ = {isa = PBXBuildFile; fileRef = B2095A992897D2C000E91226 /* NavigationRouterSpy.swift */; };
		B2095A9C2897D61200E91226 /* WikipediaGameViewController.swift in Sources */ = {isa = PBXBuildFile; fileRef = B2095A9B2897D61200E91226 /* WikipediaGameViewController.swift */; };
		B21675CD288CFF8100979CBB /* Nimble in Frameworks */ = {isa = PBXBuildFile; productRef = B21675CC288CFF8100979CBB /* Nimble */; };
		B21675CF288D025500979CBB /* WikipediaRepository.swift in Sources */ = {isa = PBXBuildFile; fileRef = B21675CE288D025500979CBB /* WikipediaRepository.swift */; };
		B21675D2288D064B00979CBB /* Mockingbird in Frameworks */ = {isa = PBXBuildFile; productRef = B21675D1288D064B00979CBB /* Mockingbird */; };
		B21675D5288D6AC800979CBB /* UIViewExtensions.swift in Sources */ = {isa = PBXBuildFile; fileRef = B21675D4288D6AC800979CBB /* UIViewExtensions.swift */; };
		B21675D8288D6C6700979CBB /* R.swift in Sources */ = {isa = PBXBuildFile; fileRef = B21675D7288D6C6700979CBB /* R.swift */; };
		B21675DB288D6EF100979CBB /* Constraints.swift in Sources */ = {isa = PBXBuildFile; fileRef = B21675DA288D6EF100979CBB /* Constraints.swift */; };
		B2271AD5291D014900330E24 /* Color.swift in Sources */ = {isa = PBXBuildFile; fileRef = B2271AD4291D014900330E24 /* Color.swift */; };
		B247BC0528F6C32400661074 /* WikipediaGoalViewController.swift in Sources */ = {isa = PBXBuildFile; fileRef = B247BC0428F6C32400661074 /* WikipediaGoalViewController.swift */; };
		B247BC0728F6C4EE00661074 /* WikipediaGoalViewControllerTests.swift in Sources */ = {isa = PBXBuildFile; fileRef = B247BC0628F6C4EE00661074 /* WikipediaGoalViewControllerTests.swift */; };
		B273E35D28BCC280006EB184 /* WikipediaPageInfoResponseFactory.swift in Sources */ = {isa = PBXBuildFile; fileRef = B273E35C28BCC280006EB184 /* WikipediaPageInfoResponseFactory.swift */; };
		B27FFB092892900000A1180E /* UIButtonExtensions.swift in Sources */ = {isa = PBXBuildFile; fileRef = B27FFB082892900000A1180E /* UIButtonExtensions.swift */; };
		B281233B28AA16020067EACA /* WikipediaGameViewControllerTests.swift in Sources */ = {isa = PBXBuildFile; fileRef = B281233A28AA16020067EACA /* WikipediaGameViewControllerTests.swift */; };
		B28CD64B28E3051F006DD1A1 /* WikipediaWebview.swift in Sources */ = {isa = PBXBuildFile; fileRef = B28CD64A28E3051F006DD1A1 /* WikipediaWebview.swift */; };
		B2943AE728BB83460079AE86 /* WikipediaPageInfoResponse.swift in Sources */ = {isa = PBXBuildFile; fileRef = B2943AE628BB83460079AE86 /* WikipediaPageInfoResponse.swift */; };
		B2C268F0288E957800677F64 /* WikipediaRepositoryTests.swift in Sources */ = {isa = PBXBuildFile; fileRef = B2C268EF288E957800677F64 /* WikipediaRepositoryTests.swift */; };
		B2C268F3288E968300677F64 /* Http.swift in Sources */ = {isa = PBXBuildFile; fileRef = B2C268F2288E968300677F64 /* Http.swift */; };
		B2C268F5288E96A700677F64 /* AppError.swift in Sources */ = {isa = PBXBuildFile; fileRef = B2C268F4288E96A700677F64 /* AppError.swift */; };
		B2C268F7288E96BD00677F64 /* URLSessionDataTaskProtocol.swift in Sources */ = {isa = PBXBuildFile; fileRef = B2C268F6288E96BD00677F64 /* URLSessionDataTaskProtocol.swift */; };
		B2C268F9288E96E400677F64 /* DefaultHttp.swift in Sources */ = {isa = PBXBuildFile; fileRef = B2C268F8288E96E400677F64 /* DefaultHttp.swift */; };
		B2C268FC288E973600677F64 /* BrightFutures in Frameworks */ = {isa = PBXBuildFile; productRef = B2C268FB288E973600677F64 /* BrightFutures */; };
		B2C268FF288E974800677F64 /* BrightFutures in Frameworks */ = {isa = PBXBuildFile; productRef = B2C268FE288E974800677F64 /* BrightFutures */; };
		B2C26901288E977500677F64 /* UrlSessionProtocol.swift in Sources */ = {isa = PBXBuildFile; fileRef = B2C26900288E977500677F64 /* UrlSessionProtocol.swift */; };
		B2C26903288E9A8F00677F64 /* WikipediaUrlGenerator.swift in Sources */ = {isa = PBXBuildFile; fileRef = B2C26902288E9A8F00677F64 /* WikipediaUrlGenerator.swift */; };
		B2C26906288E9D8900677F64 /* WikipediaTitleResponse.swift in Sources */ = {isa = PBXBuildFile; fileRef = B2C26905288E9D8900677F64 /* WikipediaTitleResponse.swift */; };
		B2C26909288E9F4300677F64 /* WikipediaTitleResponseFactory.swift in Sources */ = {isa = PBXBuildFile; fileRef = B2C26908288E9F4300677F64 /* WikipediaTitleResponseFactory.swift */; };
		B2EA5329288FEB4E00EF20B3 /* WikipediaUrlGeneratorTests.swift in Sources */ = {isa = PBXBuildFile; fileRef = B2EA5328288FEB4E00EF20B3 /* WikipediaUrlGeneratorTests.swift */; };
/* End PBXBuildFile section */

/* Begin PBXContainerItemProxy section */
		B200B1B3288CF1D900BB7874 /* PBXContainerItemProxy */ = {
			isa = PBXContainerItemProxy;
			containerPortal = B200B194288CF1D800BB7874 /* Project object */;
			proxyType = 1;
			remoteGlobalIDString = B200B19B288CF1D800BB7874;
			remoteInfo = WikiGameJP;
		};
		B200B1BD288CF1D900BB7874 /* PBXContainerItemProxy */ = {
			isa = PBXContainerItemProxy;
			containerPortal = B200B194288CF1D800BB7874 /* Project object */;
			proxyType = 1;
			remoteGlobalIDString = B200B19B288CF1D800BB7874;
			remoteInfo = WikiGameJP;
		};
/* End PBXContainerItemProxy section */

/* Begin PBXFileReference section */
		6E1CBE5A7EDFF23A412A4F86 /* WikiGameJPTests-WikiGameJPMocks.generated.swift */ = {isa = PBXFileReference; explicitFileType = sourcecode.swift; name = "WikiGameJPTests-WikiGameJPMocks.generated.swift"; path = "MockingbirdMocks/WikiGameJPTests-WikiGameJPMocks.generated.swift"; sourceTree = "<group>"; };
		B200B19C288CF1D800BB7874 /* WikiGameJP.app */ = {isa = PBXFileReference; explicitFileType = wrapper.application; includeInIndex = 0; path = WikiGameJP.app; sourceTree = BUILT_PRODUCTS_DIR; };
		B200B19F288CF1D800BB7874 /* AppDelegate.swift */ = {isa = PBXFileReference; lastKnownFileType = sourcecode.swift; path = AppDelegate.swift; sourceTree = "<group>"; };
		B200B1A1288CF1D800BB7874 /* SceneDelegate.swift */ = {isa = PBXFileReference; lastKnownFileType = sourcecode.swift; path = SceneDelegate.swift; sourceTree = "<group>"; };
		B200B1A3288CF1D800BB7874 /* MainViewController.swift */ = {isa = PBXFileReference; lastKnownFileType = sourcecode.swift; path = MainViewController.swift; sourceTree = "<group>"; };
		B200B1A8288CF1D900BB7874 /* Assets.xcassets */ = {isa = PBXFileReference; lastKnownFileType = folder.assetcatalog; path = Assets.xcassets; sourceTree = "<group>"; };
		B200B1AD288CF1D900BB7874 /* Info.plist */ = {isa = PBXFileReference; lastKnownFileType = text.plist.xml; path = Info.plist; sourceTree = "<group>"; };
		B200B1B2288CF1D900BB7874 /* WikiGameJPTests.xctest */ = {isa = PBXFileReference; explicitFileType = wrapper.cfbundle; includeInIndex = 0; path = WikiGameJPTests.xctest; sourceTree = BUILT_PRODUCTS_DIR; };
		B200B1B6288CF1D900BB7874 /* MainViewControllerTests.swift */ = {isa = PBXFileReference; lastKnownFileType = sourcecode.swift; path = MainViewControllerTests.swift; sourceTree = "<group>"; };
		B200B1BC288CF1D900BB7874 /* WikiGameJPUITests.xctest */ = {isa = PBXFileReference; explicitFileType = wrapper.cfbundle; includeInIndex = 0; path = WikiGameJPUITests.xctest; sourceTree = BUILT_PRODUCTS_DIR; };
		B200B1C0288CF1D900BB7874 /* WikiGameJPUITests.swift */ = {isa = PBXFileReference; lastKnownFileType = sourcecode.swift; path = WikiGameJPUITests.swift; sourceTree = "<group>"; };
		B200B1C2288CF1D900BB7874 /* WikiGameJPUITestsLaunchTests.swift */ = {isa = PBXFileReference; lastKnownFileType = sourcecode.swift; path = WikiGameJPUITestsLaunchTests.swift; sourceTree = "<group>"; };
		B2095A922897D15F00E91226 /* Router.swift */ = {isa = PBXFileReference; lastKnownFileType = sourcecode.swift; path = Router.swift; sourceTree = "<group>"; };
		B2095A942897D21000E91226 /* NavigationRouter.swift */ = {isa = PBXFileReference; lastKnownFileType = sourcecode.swift; path = NavigationRouter.swift; sourceTree = "<group>"; };
		B2095A962897D22400E91226 /* AppNavigationController.swift */ = {isa = PBXFileReference; lastKnownFileType = sourcecode.swift; path = AppNavigationController.swift; sourceTree = "<group>"; };
		B2095A992897D2C000E91226 /* NavigationRouterSpy.swift */ = {isa = PBXFileReference; lastKnownFileType = sourcecode.swift; path = NavigationRouterSpy.swift; sourceTree = "<group>"; };
		B2095A9B2897D61200E91226 /* WikipediaGameViewController.swift */ = {isa = PBXFileReference; lastKnownFileType = sourcecode.swift; path = WikipediaGameViewController.swift; sourceTree = "<group>"; };
		B21675CE288D025500979CBB /* WikipediaRepository.swift */ = {isa = PBXFileReference; lastKnownFileType = sourcecode.swift; path = WikipediaRepository.swift; sourceTree = "<group>"; };
		B21675D4288D6AC800979CBB /* UIViewExtensions.swift */ = {isa = PBXFileReference; lastKnownFileType = sourcecode.swift; path = UIViewExtensions.swift; sourceTree = "<group>"; };
		B21675D7288D6C6700979CBB /* R.swift */ = {isa = PBXFileReference; lastKnownFileType = sourcecode.swift; path = R.swift; sourceTree = "<group>"; };
		B21675DA288D6EF100979CBB /* Constraints.swift */ = {isa = PBXFileReference; lastKnownFileType = sourcecode.swift; path = Constraints.swift; sourceTree = "<group>"; };
		B2271AD4291D014900330E24 /* Color.swift */ = {isa = PBXFileReference; lastKnownFileType = sourcecode.swift; path = Color.swift; sourceTree = "<group>"; };
		B247BC0428F6C32400661074 /* WikipediaGoalViewController.swift */ = {isa = PBXFileReference; lastKnownFileType = sourcecode.swift; path = WikipediaGoalViewController.swift; sourceTree = "<group>"; };
		B247BC0628F6C4EE00661074 /* WikipediaGoalViewControllerTests.swift */ = {isa = PBXFileReference; lastKnownFileType = sourcecode.swift; path = WikipediaGoalViewControllerTests.swift; sourceTree = "<group>"; };
		B273E35C28BCC280006EB184 /* WikipediaPageInfoResponseFactory.swift */ = {isa = PBXFileReference; lastKnownFileType = sourcecode.swift; path = WikipediaPageInfoResponseFactory.swift; sourceTree = "<group>"; };
		B27FFB082892900000A1180E /* UIButtonExtensions.swift */ = {isa = PBXFileReference; lastKnownFileType = sourcecode.swift; path = UIButtonExtensions.swift; sourceTree = "<group>"; };
		B281233A28AA16020067EACA /* WikipediaGameViewControllerTests.swift */ = {isa = PBXFileReference; lastKnownFileType = sourcecode.swift; path = WikipediaGameViewControllerTests.swift; sourceTree = "<group>"; };
		B28CD64A28E3051F006DD1A1 /* WikipediaWebview.swift */ = {isa = PBXFileReference; lastKnownFileType = sourcecode.swift; path = WikipediaWebview.swift; sourceTree = "<group>"; };
		B2943AE628BB83460079AE86 /* WikipediaPageInfoResponse.swift */ = {isa = PBXFileReference; lastKnownFileType = sourcecode.swift; path = WikipediaPageInfoResponse.swift; sourceTree = "<group>"; };
		B2C268EF288E957800677F64 /* WikipediaRepositoryTests.swift */ = {isa = PBXFileReference; lastKnownFileType = sourcecode.swift; path = WikipediaRepositoryTests.swift; sourceTree = "<group>"; };
		B2C268F2288E968300677F64 /* Http.swift */ = {isa = PBXFileReference; lastKnownFileType = sourcecode.swift; path = Http.swift; sourceTree = "<group>"; };
		B2C268F4288E96A700677F64 /* AppError.swift */ = {isa = PBXFileReference; lastKnownFileType = sourcecode.swift; path = AppError.swift; sourceTree = "<group>"; };
		B2C268F6288E96BD00677F64 /* URLSessionDataTaskProtocol.swift */ = {isa = PBXFileReference; lastKnownFileType = sourcecode.swift; path = URLSessionDataTaskProtocol.swift; sourceTree = "<group>"; };
		B2C268F8288E96E400677F64 /* DefaultHttp.swift */ = {isa = PBXFileReference; lastKnownFileType = sourcecode.swift; path = DefaultHttp.swift; sourceTree = "<group>"; };
		B2C26900288E977500677F64 /* UrlSessionProtocol.swift */ = {isa = PBXFileReference; lastKnownFileType = sourcecode.swift; path = UrlSessionProtocol.swift; sourceTree = "<group>"; };
		B2C26902288E9A8F00677F64 /* WikipediaUrlGenerator.swift */ = {isa = PBXFileReference; lastKnownFileType = sourcecode.swift; path = WikipediaUrlGenerator.swift; sourceTree = "<group>"; };
		B2C26905288E9D8900677F64 /* WikipediaTitleResponse.swift */ = {isa = PBXFileReference; lastKnownFileType = sourcecode.swift; path = WikipediaTitleResponse.swift; sourceTree = "<group>"; };
		B2C26908288E9F4300677F64 /* WikipediaTitleResponseFactory.swift */ = {isa = PBXFileReference; lastKnownFileType = sourcecode.swift; path = WikipediaTitleResponseFactory.swift; sourceTree = "<group>"; };
		B2EA5328288FEB4E00EF20B3 /* WikipediaUrlGeneratorTests.swift */ = {isa = PBXFileReference; lastKnownFileType = sourcecode.swift; path = WikipediaUrlGeneratorTests.swift; sourceTree = "<group>"; };
/* End PBXFileReference section */

/* Begin PBXFrameworksBuildPhase section */
		B200B199288CF1D800BB7874 /* Frameworks */ = {
			isa = PBXFrameworksBuildPhase;
			buildActionMask = 2147483647;
			files = (
				B2C268FC288E973600677F64 /* BrightFutures in Frameworks */,
			);
			runOnlyForDeploymentPostprocessing = 0;
		};
		B200B1AF288CF1D900BB7874 /* Frameworks */ = {
			isa = PBXFrameworksBuildPhase;
			buildActionMask = 2147483647;
			files = (
				B21675D2288D064B00979CBB /* Mockingbird in Frameworks */,
				B2C268FF288E974800677F64 /* BrightFutures in Frameworks */,
				B21675CD288CFF8100979CBB /* Nimble in Frameworks */,
			);
			runOnlyForDeploymentPostprocessing = 0;
		};
		B200B1B9288CF1D900BB7874 /* Frameworks */ = {
			isa = PBXFrameworksBuildPhase;
			buildActionMask = 2147483647;
			files = (
			);
			runOnlyForDeploymentPostprocessing = 0;
		};
/* End PBXFrameworksBuildPhase section */

/* Begin PBXGroup section */
		7A51BD1CBBB9FC688C322850 /* Generated Mocks */ = {
			isa = PBXGroup;
			children = (
				6E1CBE5A7EDFF23A412A4F86 /* WikiGameJPTests-WikiGameJPMocks.generated.swift */,
			);
			name = "Generated Mocks";
			sourceTree = "<group>";
		};
		B200B193288CF1D800BB7874 = {
			isa = PBXGroup;
			children = (
				B200B19E288CF1D800BB7874 /* WikiGameJP */,
				B200B1B5288CF1D900BB7874 /* WikiGameJPTests */,
				B200B1BF288CF1D900BB7874 /* WikiGameJPUITests */,
				B200B19D288CF1D800BB7874 /* Products */,
				7A51BD1CBBB9FC688C322850 /* Generated Mocks */,
				B2C268FD288E974800677F64 /* Frameworks */,
			);
			sourceTree = "<group>";
		};
		B200B19D288CF1D800BB7874 /* Products */ = {
			isa = PBXGroup;
			children = (
				B200B19C288CF1D800BB7874 /* WikiGameJP.app */,
				B200B1B2288CF1D900BB7874 /* WikiGameJPTests.xctest */,
				B200B1BC288CF1D900BB7874 /* WikiGameJPUITests.xctest */,
			);
			name = Products;
			sourceTree = "<group>";
		};
		B200B19E288CF1D800BB7874 /* WikiGameJP */ = {
			isa = PBXGroup;
			children = (
				B2C26904288E9D4C00677F64 /* Model */,
				B21675D6288D6C5200979CBB /* Common */,
				B200B19F288CF1D800BB7874 /* AppDelegate.swift */,
				B200B1A1288CF1D800BB7874 /* SceneDelegate.swift */,
				B200B1A3288CF1D800BB7874 /* MainViewController.swift */,
				B200B1A8288CF1D900BB7874 /* Assets.xcassets */,
				B200B1AD288CF1D900BB7874 /* Info.plist */,
				B21675CE288D025500979CBB /* WikipediaRepository.swift */,
				B2C26902288E9A8F00677F64 /* WikipediaUrlGenerator.swift */,
				B2095A9B2897D61200E91226 /* WikipediaGameViewController.swift */,
				B247BC0428F6C32400661074 /* WikipediaGoalViewController.swift */,
			);
			path = WikiGameJP;
			sourceTree = "<group>";
		};
		B200B1B5288CF1D900BB7874 /* WikiGameJPTests */ = {
			isa = PBXGroup;
			children = (
				B2095A982897D2B000E91226 /* TestDoubles */,
				B2C26907288E9F2A00677F64 /* Factory */,
				B21675D3288D6AA000979CBB /* TestExtensions */,
				B200B1B6288CF1D900BB7874 /* MainViewControllerTests.swift */,
				B2C268EF288E957800677F64 /* WikipediaRepositoryTests.swift */,
				B2EA5328288FEB4E00EF20B3 /* WikipediaUrlGeneratorTests.swift */,
				B281233A28AA16020067EACA /* WikipediaGameViewControllerTests.swift */,
				B247BC0628F6C4EE00661074 /* WikipediaGoalViewControllerTests.swift */,
			);
			path = WikiGameJPTests;
			sourceTree = "<group>";
		};
		B200B1BF288CF1D900BB7874 /* WikiGameJPUITests */ = {
			isa = PBXGroup;
			children = (
				B200B1C0288CF1D900BB7874 /* WikiGameJPUITests.swift */,
				B200B1C2288CF1D900BB7874 /* WikiGameJPUITestsLaunchTests.swift */,
			);
			path = WikiGameJPUITests;
			sourceTree = "<group>";
		};
		B2095A912897D15500E91226 /* Navigation */ = {
			isa = PBXGroup;
			children = (
				B2095A922897D15F00E91226 /* Router.swift */,
				B2095A942897D21000E91226 /* NavigationRouter.swift */,
				B2095A962897D22400E91226 /* AppNavigationController.swift */,
			);
			path = Navigation;
			sourceTree = "<group>";
		};
		B2095A982897D2B000E91226 /* TestDoubles */ = {
			isa = PBXGroup;
			children = (
				B2095A992897D2C000E91226 /* NavigationRouterSpy.swift */,
			);
			path = TestDoubles;
			sourceTree = "<group>";
		};
		B21675D3288D6AA000979CBB /* TestExtensions */ = {
			isa = PBXGroup;
			children = (
				B21675D4288D6AC800979CBB /* UIViewExtensions.swift */,
				B27FFB082892900000A1180E /* UIButtonExtensions.swift */,
			);
			path = TestExtensions;
			sourceTree = "<group>";
		};
		B21675D6288D6C5200979CBB /* Common */ = {
			isa = PBXGroup;
			children = (
				B2095A912897D15500E91226 /* Navigation */,
				B2C268F1288E967000677F64 /* Http */,
				B21675D9288D6EE500979CBB /* View */,
				B21675D7288D6C6700979CBB /* R.swift */,
				B2271AD4291D014900330E24 /* Color.swift */,
			);
			path = Common;
			sourceTree = "<group>";
		};
		B21675D9288D6EE500979CBB /* View */ = {
			isa = PBXGroup;
			children = (
				B21675DA288D6EF100979CBB /* Constraints.swift */,
				B28CD64A28E3051F006DD1A1 /* WikipediaWebview.swift */,
			);
			path = View;
			sourceTree = "<group>";
		};
		B2C268F1288E967000677F64 /* Http */ = {
			isa = PBXGroup;
			children = (
				B2C268F2288E968300677F64 /* Http.swift */,
				B2C268F4288E96A700677F64 /* AppError.swift */,
				B2C268F6288E96BD00677F64 /* URLSessionDataTaskProtocol.swift */,
				B2C268F8288E96E400677F64 /* DefaultHttp.swift */,
				B2C26900288E977500677F64 /* UrlSessionProtocol.swift */,
			);
			path = Http;
			sourceTree = "<group>";
		};
		B2C268FD288E974800677F64 /* Frameworks */ = {
			isa = PBXGroup;
			children = (
			);
			name = Frameworks;
			sourceTree = "<group>";
		};
		B2C26904288E9D4C00677F64 /* Model */ = {
			isa = PBXGroup;
			children = (
				B2C26905288E9D8900677F64 /* WikipediaTitleResponse.swift */,
				B2943AE628BB83460079AE86 /* WikipediaPageInfoResponse.swift */,
			);
			path = Model;
			sourceTree = "<group>";
		};
		B2C26907288E9F2A00677F64 /* Factory */ = {
			isa = PBXGroup;
			children = (
				B2C26908288E9F4300677F64 /* WikipediaTitleResponseFactory.swift */,
				B273E35C28BCC280006EB184 /* WikipediaPageInfoResponseFactory.swift */,
			);
			path = Factory;
			sourceTree = "<group>";
		};
/* End PBXGroup section */

/* Begin PBXNativeTarget section */
		B200B19B288CF1D800BB7874 /* WikiGameJP */ = {
			isa = PBXNativeTarget;
			buildConfigurationList = B200B1C6288CF1D900BB7874 /* Build configuration list for PBXNativeTarget "WikiGameJP" */;
			buildPhases = (
				B200B198288CF1D800BB7874 /* Sources */,
				B200B199288CF1D800BB7874 /* Frameworks */,
				B200B19A288CF1D800BB7874 /* Resources */,
			);
			buildRules = (
			);
			dependencies = (
			);
			name = WikiGameJP;
			packageProductDependencies = (
				B2C268FB288E973600677F64 /* BrightFutures */,
			);
			productName = WikiGameJP;
			productReference = B200B19C288CF1D800BB7874 /* WikiGameJP.app */;
			productType = "com.apple.product-type.application";
		};
		B200B1B1288CF1D900BB7874 /* WikiGameJPTests */ = {
			isa = PBXNativeTarget;
			buildConfigurationList = B200B1C9288CF1D900BB7874 /* Build configuration list for PBXNativeTarget "WikiGameJPTests" */;
			buildPhases = (
				B50CDDAAA6F889C8AAC001B6 /* Generate Mockingbird Mocks */,
				B200B1AE288CF1D900BB7874 /* Sources */,
				B200B1AF288CF1D900BB7874 /* Frameworks */,
				B200B1B0288CF1D900BB7874 /* Resources */,
			);
			buildRules = (
			);
			dependencies = (
				B200B1B4288CF1D900BB7874 /* PBXTargetDependency */,
			);
			name = WikiGameJPTests;
			packageProductDependencies = (
				B21675CC288CFF8100979CBB /* Nimble */,
				B21675D1288D064B00979CBB /* Mockingbird */,
				B2C268FE288E974800677F64 /* BrightFutures */,
			);
			productName = WikiGameJPTests;
			productReference = B200B1B2288CF1D900BB7874 /* WikiGameJPTests.xctest */;
			productType = "com.apple.product-type.bundle.unit-test";
		};
		B200B1BB288CF1D900BB7874 /* WikiGameJPUITests */ = {
			isa = PBXNativeTarget;
			buildConfigurationList = B200B1CC288CF1D900BB7874 /* Build configuration list for PBXNativeTarget "WikiGameJPUITests" */;
			buildPhases = (
				B200B1B8288CF1D900BB7874 /* Sources */,
				B200B1B9288CF1D900BB7874 /* Frameworks */,
				B200B1BA288CF1D900BB7874 /* Resources */,
			);
			buildRules = (
			);
			dependencies = (
				B200B1BE288CF1D900BB7874 /* PBXTargetDependency */,
			);
			name = WikiGameJPUITests;
			productName = WikiGameJPUITests;
			productReference = B200B1BC288CF1D900BB7874 /* WikiGameJPUITests.xctest */;
			productType = "com.apple.product-type.bundle.ui-testing";
		};
/* End PBXNativeTarget section */

/* Begin PBXProject section */
		B200B194288CF1D800BB7874 /* Project object */ = {
			isa = PBXProject;
			attributes = {
				BuildIndependentTargetsInParallel = 1;
				LastSwiftUpdateCheck = 1340;
				LastUpgradeCheck = 1340;
				TargetAttributes = {
					B200B19B288CF1D800BB7874 = {
						CreatedOnToolsVersion = 13.4.1;
					};
					B200B1B1288CF1D900BB7874 = {
						CreatedOnToolsVersion = 13.4.1;
						TestTargetID = B200B19B288CF1D800BB7874;
					};
					B200B1BB288CF1D900BB7874 = {
						CreatedOnToolsVersion = 13.4.1;
						TestTargetID = B200B19B288CF1D800BB7874;
					};
				};
			};
			buildConfigurationList = B200B197288CF1D800BB7874 /* Build configuration list for PBXProject "WikiGameJP" */;
			compatibilityVersion = "Xcode 13.0";
			developmentRegion = en;
			hasScannedForEncodings = 0;
			knownRegions = (
				en,
				Base,
			);
			mainGroup = B200B193288CF1D800BB7874;
			packageReferences = (
				B21675CB288CFF8100979CBB /* XCRemoteSwiftPackageReference "Nimble" */,
				B21675D0288D064B00979CBB /* XCRemoteSwiftPackageReference "mockingbird" */,
				B2C268FA288E973600677F64 /* XCRemoteSwiftPackageReference "BrightFutures" */,
			);
			productRefGroup = B200B19D288CF1D800BB7874 /* Products */;
			projectDirPath = "";
			projectRoot = "";
			targets = (
				B200B19B288CF1D800BB7874 /* WikiGameJP */,
				B200B1B1288CF1D900BB7874 /* WikiGameJPTests */,
				B200B1BB288CF1D900BB7874 /* WikiGameJPUITests */,
			);
		};
/* End PBXProject section */

/* Begin PBXResourcesBuildPhase section */
		B200B19A288CF1D800BB7874 /* Resources */ = {
			isa = PBXResourcesBuildPhase;
			buildActionMask = 2147483647;
			files = (
				B200B1A9288CF1D900BB7874 /* Assets.xcassets in Resources */,
			);
			runOnlyForDeploymentPostprocessing = 0;
		};
		B200B1B0288CF1D900BB7874 /* Resources */ = {
			isa = PBXResourcesBuildPhase;
			buildActionMask = 2147483647;
			files = (
			);
			runOnlyForDeploymentPostprocessing = 0;
		};
		B200B1BA288CF1D900BB7874 /* Resources */ = {
			isa = PBXResourcesBuildPhase;
			buildActionMask = 2147483647;
			files = (
			);
			runOnlyForDeploymentPostprocessing = 0;
		};
/* End PBXResourcesBuildPhase section */

/* Begin PBXShellScriptBuildPhase section */
		B50CDDAAA6F889C8AAC001B6 /* Generate Mockingbird Mocks */ = {
			isa = PBXShellScriptBuildPhase;
			alwaysOutOfDate = 1;
			buildActionMask = 2147483647;
			files = (
			);
			inputPaths = (
			);
			name = "Generate Mockingbird Mocks";
			outputPaths = (
				"$(SRCROOT)/MockingbirdMocks/WikiGameJPTests-WikiGameJPMocks.generated.swift",
			);
			runOnlyForDeploymentPostprocessing = 0;
			shellPath = /bin/sh;
			shellScript = "set -eu\n\n# Prevent Xcode 13 from running this script while indexing.\n[[ \"${ACTION}\" == \"indexbuild\" ]] && exit 0\n\n# Infer the derived data location from the build environment.\n[[ -z \"${DERIVED_DATA+x}\" ]] && DERIVED_DATA=\"$(echo \"${BUILD_ROOT}\" | sed -n 's|\\(.*\\)/Build/.*|\\1|p')\"\n\n\"${DERIVED_DATA}/SourcePackages/checkouts/mockingbird/mockingbird\" generate --targets \"WikiGameJP\" --outputs \"${SRCROOT}/MockingbirdMocks/WikiGameJPTests-WikiGameJPMocks.generated.swift\"";
		};
/* End PBXShellScriptBuildPhase section */

/* Begin PBXSourcesBuildPhase section */
		B200B198288CF1D800BB7874 /* Sources */ = {
			isa = PBXSourcesBuildPhase;
			buildActionMask = 2147483647;
			files = (
				B200B1A4288CF1D800BB7874 /* MainViewController.swift in Sources */,
				B200B1A0288CF1D800BB7874 /* AppDelegate.swift in Sources */,
				B2271AD5291D014900330E24 /* Color.swift in Sources */,
				B2C26901288E977500677F64 /* UrlSessionProtocol.swift in Sources */,
				B28CD64B28E3051F006DD1A1 /* WikipediaWebview.swift in Sources */,
				B2C26903288E9A8F00677F64 /* WikipediaUrlGenerator.swift in Sources */,
				B2C268F7288E96BD00677F64 /* URLSessionDataTaskProtocol.swift in Sources */,
				B200B1A2288CF1D800BB7874 /* SceneDelegate.swift in Sources */,
				B21675D8288D6C6700979CBB /* R.swift in Sources */,
				B2095A9C2897D61200E91226 /* WikipediaGameViewController.swift in Sources */,
				B2943AE728BB83460079AE86 /* WikipediaPageInfoResponse.swift in Sources */,
				B2C268F5288E96A700677F64 /* AppError.swift in Sources */,
				B247BC0528F6C32400661074 /* WikipediaGoalViewController.swift in Sources */,
				B2095A952897D21000E91226 /* NavigationRouter.swift in Sources */,
				B21675DB288D6EF100979CBB /* Constraints.swift in Sources */,
				B21675CF288D025500979CBB /* WikipediaRepository.swift in Sources */,
				B2095A932897D15F00E91226 /* Router.swift in Sources */,
				B2C268F3288E968300677F64 /* Http.swift in Sources */,
				B2095A972897D22400E91226 /* AppNavigationController.swift in Sources */,
				B2C26906288E9D8900677F64 /* WikipediaTitleResponse.swift in Sources */,
				B2C268F9288E96E400677F64 /* DefaultHttp.swift in Sources */,
			);
			runOnlyForDeploymentPostprocessing = 0;
		};
		B200B1AE288CF1D900BB7874 /* Sources */ = {
			isa = PBXSourcesBuildPhase;
			buildActionMask = 2147483647;
			files = (
				B247BC0728F6C4EE00661074 /* WikipediaGoalViewControllerTests.swift in Sources */,
				B2EA5329288FEB4E00EF20B3 /* WikipediaUrlGeneratorTests.swift in Sources */,
				B2095A9A2897D2C000E91226 /* NavigationRouterSpy.swift in Sources */,
				B2C26909288E9F4300677F64 /* WikipediaTitleResponseFactory.swift in Sources */,
				B200B1B7288CF1D900BB7874 /* MainViewControllerTests.swift in Sources */,
				B21675D5288D6AC800979CBB /* UIViewExtensions.swift in Sources */,
				B281233B28AA16020067EACA /* WikipediaGameViewControllerTests.swift in Sources */,
				B2C268F0288E957800677F64 /* WikipediaRepositoryTests.swift in Sources */,
				B27FFB092892900000A1180E /* UIButtonExtensions.swift in Sources */,
				B273E35D28BCC280006EB184 /* WikipediaPageInfoResponseFactory.swift in Sources */,
				1AECBBAE3033D7FF6CC41B4F /* WikiGameJPTests-WikiGameJPMocks.generated.swift in Sources */,
			);
			runOnlyForDeploymentPostprocessing = 0;
		};
		B200B1B8288CF1D900BB7874 /* Sources */ = {
			isa = PBXSourcesBuildPhase;
			buildActionMask = 2147483647;
			files = (
				B200B1C3288CF1D900BB7874 /* WikiGameJPUITestsLaunchTests.swift in Sources */,
				B200B1C1288CF1D900BB7874 /* WikiGameJPUITests.swift in Sources */,
			);
			runOnlyForDeploymentPostprocessing = 0;
		};
/* End PBXSourcesBuildPhase section */

/* Begin PBXTargetDependency section */
		B200B1B4288CF1D900BB7874 /* PBXTargetDependency */ = {
			isa = PBXTargetDependency;
			target = B200B19B288CF1D800BB7874 /* WikiGameJP */;
			targetProxy = B200B1B3288CF1D900BB7874 /* PBXContainerItemProxy */;
		};
		B200B1BE288CF1D900BB7874 /* PBXTargetDependency */ = {
			isa = PBXTargetDependency;
			target = B200B19B288CF1D800BB7874 /* WikiGameJP */;
			targetProxy = B200B1BD288CF1D900BB7874 /* PBXContainerItemProxy */;
		};
/* End PBXTargetDependency section */

/* Begin XCBuildConfiguration section */
		B200B1C4288CF1D900BB7874 /* Debug */ = {
			isa = XCBuildConfiguration;
			buildSettings = {
				ALWAYS_SEARCH_USER_PATHS = NO;
				CLANG_ANALYZER_NONNULL = YES;
				CLANG_ANALYZER_NUMBER_OBJECT_CONVERSION = YES_AGGRESSIVE;
				CLANG_CXX_LANGUAGE_STANDARD = "gnu++17";
				CLANG_ENABLE_MODULES = YES;
				CLANG_ENABLE_OBJC_ARC = YES;
				CLANG_ENABLE_OBJC_WEAK = YES;
				CLANG_WARN_BLOCK_CAPTURE_AUTORELEASING = YES;
				CLANG_WARN_BOOL_CONVERSION = YES;
				CLANG_WARN_COMMA = YES;
				CLANG_WARN_CONSTANT_CONVERSION = YES;
				CLANG_WARN_DEPRECATED_OBJC_IMPLEMENTATIONS = YES;
				CLANG_WARN_DIRECT_OBJC_ISA_USAGE = YES_ERROR;
				CLANG_WARN_DOCUMENTATION_COMMENTS = YES;
				CLANG_WARN_EMPTY_BODY = YES;
				CLANG_WARN_ENUM_CONVERSION = YES;
				CLANG_WARN_INFINITE_RECURSION = YES;
				CLANG_WARN_INT_CONVERSION = YES;
				CLANG_WARN_NON_LITERAL_NULL_CONVERSION = YES;
				CLANG_WARN_OBJC_IMPLICIT_RETAIN_SELF = YES;
				CLANG_WARN_OBJC_LITERAL_CONVERSION = YES;
				CLANG_WARN_OBJC_ROOT_CLASS = YES_ERROR;
				CLANG_WARN_QUOTED_INCLUDE_IN_FRAMEWORK_HEADER = YES;
				CLANG_WARN_RANGE_LOOP_ANALYSIS = YES;
				CLANG_WARN_STRICT_PROTOTYPES = YES;
				CLANG_WARN_SUSPICIOUS_MOVE = YES;
				CLANG_WARN_UNGUARDED_AVAILABILITY = YES_AGGRESSIVE;
				CLANG_WARN_UNREACHABLE_CODE = YES;
				CLANG_WARN__DUPLICATE_METHOD_MATCH = YES;
				COPY_PHASE_STRIP = NO;
				DEBUG_INFORMATION_FORMAT = dwarf;
				ENABLE_STRICT_OBJC_MSGSEND = YES;
				ENABLE_TESTABILITY = YES;
				GCC_C_LANGUAGE_STANDARD = gnu11;
				GCC_DYNAMIC_NO_PIC = NO;
				GCC_NO_COMMON_BLOCKS = YES;
				GCC_OPTIMIZATION_LEVEL = 0;
				GCC_PREPROCESSOR_DEFINITIONS = (
					"DEBUG=1",
					"$(inherited)",
				);
				GCC_WARN_64_TO_32_BIT_CONVERSION = YES;
				GCC_WARN_ABOUT_RETURN_TYPE = YES_ERROR;
				GCC_WARN_UNDECLARED_SELECTOR = YES;
				GCC_WARN_UNINITIALIZED_AUTOS = YES_AGGRESSIVE;
				GCC_WARN_UNUSED_FUNCTION = YES;
				GCC_WARN_UNUSED_VARIABLE = YES;
				IPHONEOS_DEPLOYMENT_TARGET = 15.5;
				MTL_ENABLE_DEBUG_INFO = INCLUDE_SOURCE;
				MTL_FAST_MATH = YES;
				ONLY_ACTIVE_ARCH = YES;
				SDKROOT = iphoneos;
				SWIFT_ACTIVE_COMPILATION_CONDITIONS = DEBUG;
				SWIFT_OPTIMIZATION_LEVEL = "-Onone";
			};
			name = Debug;
		};
		B200B1C5288CF1D900BB7874 /* Release */ = {
			isa = XCBuildConfiguration;
			buildSettings = {
				ALWAYS_SEARCH_USER_PATHS = NO;
				CLANG_ANALYZER_NONNULL = YES;
				CLANG_ANALYZER_NUMBER_OBJECT_CONVERSION = YES_AGGRESSIVE;
				CLANG_CXX_LANGUAGE_STANDARD = "gnu++17";
				CLANG_ENABLE_MODULES = YES;
				CLANG_ENABLE_OBJC_ARC = YES;
				CLANG_ENABLE_OBJC_WEAK = YES;
				CLANG_WARN_BLOCK_CAPTURE_AUTORELEASING = YES;
				CLANG_WARN_BOOL_CONVERSION = YES;
				CLANG_WARN_COMMA = YES;
				CLANG_WARN_CONSTANT_CONVERSION = YES;
				CLANG_WARN_DEPRECATED_OBJC_IMPLEMENTATIONS = YES;
				CLANG_WARN_DIRECT_OBJC_ISA_USAGE = YES_ERROR;
				CLANG_WARN_DOCUMENTATION_COMMENTS = YES;
				CLANG_WARN_EMPTY_BODY = YES;
				CLANG_WARN_ENUM_CONVERSION = YES;
				CLANG_WARN_INFINITE_RECURSION = YES;
				CLANG_WARN_INT_CONVERSION = YES;
				CLANG_WARN_NON_LITERAL_NULL_CONVERSION = YES;
				CLANG_WARN_OBJC_IMPLICIT_RETAIN_SELF = YES;
				CLANG_WARN_OBJC_LITERAL_CONVERSION = YES;
				CLANG_WARN_OBJC_ROOT_CLASS = YES_ERROR;
				CLANG_WARN_QUOTED_INCLUDE_IN_FRAMEWORK_HEADER = YES;
				CLANG_WARN_RANGE_LOOP_ANALYSIS = YES;
				CLANG_WARN_STRICT_PROTOTYPES = YES;
				CLANG_WARN_SUSPICIOUS_MOVE = YES;
				CLANG_WARN_UNGUARDED_AVAILABILITY = YES_AGGRESSIVE;
				CLANG_WARN_UNREACHABLE_CODE = YES;
				CLANG_WARN__DUPLICATE_METHOD_MATCH = YES;
				COPY_PHASE_STRIP = NO;
				DEBUG_INFORMATION_FORMAT = "dwarf-with-dsym";
				ENABLE_NS_ASSERTIONS = NO;
				ENABLE_STRICT_OBJC_MSGSEND = YES;
				GCC_C_LANGUAGE_STANDARD = gnu11;
				GCC_NO_COMMON_BLOCKS = YES;
				GCC_WARN_64_TO_32_BIT_CONVERSION = YES;
				GCC_WARN_ABOUT_RETURN_TYPE = YES_ERROR;
				GCC_WARN_UNDECLARED_SELECTOR = YES;
				GCC_WARN_UNINITIALIZED_AUTOS = YES_AGGRESSIVE;
				GCC_WARN_UNUSED_FUNCTION = YES;
				GCC_WARN_UNUSED_VARIABLE = YES;
				IPHONEOS_DEPLOYMENT_TARGET = 15.5;
				MTL_ENABLE_DEBUG_INFO = NO;
				MTL_FAST_MATH = YES;
				SDKROOT = iphoneos;
				SWIFT_COMPILATION_MODE = wholemodule;
				SWIFT_OPTIMIZATION_LEVEL = "-O";
				VALIDATE_PRODUCT = YES;
			};
			name = Release;
		};
		B200B1C7288CF1D900BB7874 /* Debug */ = {
			isa = XCBuildConfiguration;
			buildSettings = {
				ASSETCATALOG_COMPILER_APPICON_NAME = AppIcon;
				ASSETCATALOG_COMPILER_GLOBAL_ACCENT_COLOR_NAME = AccentColor;
				CODE_SIGN_STYLE = Automatic;
				CURRENT_PROJECT_VERSION = 1;
				DEVELOPMENT_TEAM = 8LHU3Z6Z9N;
				GENERATE_INFOPLIST_FILE = YES;
				INFOPLIST_FILE = WikiGameJP/Info.plist;
				INFOPLIST_KEY_UIApplicationSupportsIndirectInputEvents = YES;
				INFOPLIST_KEY_UILaunchStoryboardName = LaunchScreen;
				INFOPLIST_KEY_UISupportedInterfaceOrientations_iPad = "UIInterfaceOrientationPortrait UIInterfaceOrientationPortraitUpsideDown UIInterfaceOrientationLandscapeLeft UIInterfaceOrientationLandscapeRight";
				INFOPLIST_KEY_UISupportedInterfaceOrientations_iPhone = "UIInterfaceOrientationPortrait UIInterfaceOrientationLandscapeLeft UIInterfaceOrientationLandscapeRight";
				LD_RUNPATH_SEARCH_PATHS = (
					"$(inherited)",
					"@executable_path/Frameworks",
				);
				MARKETING_VERSION = 1.0;
				PRODUCT_BUNDLE_IDENTIFIER = isobe.bric.wikigame.WikiGameJP;
				PRODUCT_NAME = "$(TARGET_NAME)";
				SWIFT_EMIT_LOC_STRINGS = YES;
				SWIFT_VERSION = 5.0;
				TARGETED_DEVICE_FAMILY = "1,2";
			};
			name = Debug;
		};
		B200B1C8288CF1D900BB7874 /* Release */ = {
			isa = XCBuildConfiguration;
			buildSettings = {
				ASSETCATALOG_COMPILER_APPICON_NAME = AppIcon;
				ASSETCATALOG_COMPILER_GLOBAL_ACCENT_COLOR_NAME = AccentColor;
				CODE_SIGN_STYLE = Automatic;
				CURRENT_PROJECT_VERSION = 1;
				DEVELOPMENT_TEAM = 8LHU3Z6Z9N;
				GENERATE_INFOPLIST_FILE = YES;
				INFOPLIST_FILE = WikiGameJP/Info.plist;
				INFOPLIST_KEY_UIApplicationSupportsIndirectInputEvents = YES;
				INFOPLIST_KEY_UILaunchStoryboardName = LaunchScreen;
				INFOPLIST_KEY_UISupportedInterfaceOrientations_iPad = "UIInterfaceOrientationPortrait UIInterfaceOrientationPortraitUpsideDown UIInterfaceOrientationLandscapeLeft UIInterfaceOrientationLandscapeRight";
				INFOPLIST_KEY_UISupportedInterfaceOrientations_iPhone = "UIInterfaceOrientationPortrait UIInterfaceOrientationLandscapeLeft UIInterfaceOrientationLandscapeRight";
				LD_RUNPATH_SEARCH_PATHS = (
					"$(inherited)",
					"@executable_path/Frameworks",
				);
				MARKETING_VERSION = 1.0;
				PRODUCT_BUNDLE_IDENTIFIER = isobe.bric.wikigame.WikiGameJP;
				PRODUCT_NAME = "$(TARGET_NAME)";
				SWIFT_EMIT_LOC_STRINGS = YES;
				SWIFT_VERSION = 5.0;
				TARGETED_DEVICE_FAMILY = "1,2";
			};
			name = Release;
		};
		B200B1CA288CF1D900BB7874 /* Debug */ = {
			isa = XCBuildConfiguration;
			buildSettings = {
				ALWAYS_EMBED_SWIFT_STANDARD_LIBRARIES = YES;
				BUNDLE_LOADER = "$(TEST_HOST)";
				CODE_SIGN_STYLE = Automatic;
				CURRENT_PROJECT_VERSION = 1;
				DEVELOPMENT_TEAM = 8LHU3Z6Z9N;
				GENERATE_INFOPLIST_FILE = YES;
				IPHONEOS_DEPLOYMENT_TARGET = 15.5;
				MARKETING_VERSION = 1.0;
				PRODUCT_BUNDLE_IDENTIFIER = isobe.bric.wikigame.WikiGameJPTests;
				PRODUCT_NAME = "$(TARGET_NAME)";
				SWIFT_EMIT_LOC_STRINGS = NO;
				SWIFT_VERSION = 5.0;
				TARGETED_DEVICE_FAMILY = "1,2";
				TEST_HOST = "$(BUILT_PRODUCTS_DIR)/WikiGameJP.app/WikiGameJP";
			};
			name = Debug;
		};
		B200B1CB288CF1D900BB7874 /* Release */ = {
			isa = XCBuildConfiguration;
			buildSettings = {
				ALWAYS_EMBED_SWIFT_STANDARD_LIBRARIES = YES;
				BUNDLE_LOADER = "$(TEST_HOST)";
				CODE_SIGN_STYLE = Automatic;
				CURRENT_PROJECT_VERSION = 1;
				DEVELOPMENT_TEAM = 8LHU3Z6Z9N;
				GENERATE_INFOPLIST_FILE = YES;
				IPHONEOS_DEPLOYMENT_TARGET = 15.5;
				MARKETING_VERSION = 1.0;
				PRODUCT_BUNDLE_IDENTIFIER = isobe.bric.wikigame.WikiGameJPTests;
				PRODUCT_NAME = "$(TARGET_NAME)";
				SWIFT_EMIT_LOC_STRINGS = NO;
				SWIFT_VERSION = 5.0;
				TARGETED_DEVICE_FAMILY = "1,2";
				TEST_HOST = "$(BUILT_PRODUCTS_DIR)/WikiGameJP.app/WikiGameJP";
			};
			name = Release;
		};
		B200B1CD288CF1D900BB7874 /* Debug */ = {
			isa = XCBuildConfiguration;
			buildSettings = {
				ALWAYS_EMBED_SWIFT_STANDARD_LIBRARIES = YES;
				CODE_SIGN_STYLE = Automatic;
				CURRENT_PROJECT_VERSION = 1;
				DEVELOPMENT_TEAM = 8LHU3Z6Z9N;
				GENERATE_INFOPLIST_FILE = YES;
				MARKETING_VERSION = 1.0;
				PRODUCT_BUNDLE_IDENTIFIER = isobe.bric.wikigame.WikiGameJPUITests;
				PRODUCT_NAME = "$(TARGET_NAME)";
				SWIFT_EMIT_LOC_STRINGS = NO;
				SWIFT_VERSION = 5.0;
				TARGETED_DEVICE_FAMILY = "1,2";
				TEST_TARGET_NAME = WikiGameJP;
			};
			name = Debug;
		};
		B200B1CE288CF1D900BB7874 /* Release */ = {
			isa = XCBuildConfiguration;
			buildSettings = {
				ALWAYS_EMBED_SWIFT_STANDARD_LIBRARIES = YES;
				CODE_SIGN_STYLE = Automatic;
				CURRENT_PROJECT_VERSION = 1;
				DEVELOPMENT_TEAM = 8LHU3Z6Z9N;
				GENERATE_INFOPLIST_FILE = YES;
				MARKETING_VERSION = 1.0;
				PRODUCT_BUNDLE_IDENTIFIER = isobe.bric.wikigame.WikiGameJPUITests;
				PRODUCT_NAME = "$(TARGET_NAME)";
				SWIFT_EMIT_LOC_STRINGS = NO;
				SWIFT_VERSION = 5.0;
				TARGETED_DEVICE_FAMILY = "1,2";
				TEST_TARGET_NAME = WikiGameJP;
			};
			name = Release;
		};
/* End XCBuildConfiguration section */

/* Begin XCConfigurationList section */
		B200B197288CF1D800BB7874 /* Build configuration list for PBXProject "WikiGameJP" */ = {
			isa = XCConfigurationList;
			buildConfigurations = (
				B200B1C4288CF1D900BB7874 /* Debug */,
				B200B1C5288CF1D900BB7874 /* Release */,
			);
			defaultConfigurationIsVisible = 0;
			defaultConfigurationName = Release;
		};
		B200B1C6288CF1D900BB7874 /* Build configuration list for PBXNativeTarget "WikiGameJP" */ = {
			isa = XCConfigurationList;
			buildConfigurations = (
				B200B1C7288CF1D900BB7874 /* Debug */,
				B200B1C8288CF1D900BB7874 /* Release */,
			);
			defaultConfigurationIsVisible = 0;
			defaultConfigurationName = Release;
		};
		B200B1C9288CF1D900BB7874 /* Build configuration list for PBXNativeTarget "WikiGameJPTests" */ = {
			isa = XCConfigurationList;
			buildConfigurations = (
				B200B1CA288CF1D900BB7874 /* Debug */,
				B200B1CB288CF1D900BB7874 /* Release */,
			);
			defaultConfigurationIsVisible = 0;
			defaultConfigurationName = Release;
		};
		B200B1CC288CF1D900BB7874 /* Build configuration list for PBXNativeTarget "WikiGameJPUITests" */ = {
			isa = XCConfigurationList;
			buildConfigurations = (
				B200B1CD288CF1D900BB7874 /* Debug */,
				B200B1CE288CF1D900BB7874 /* Release */,
			);
			defaultConfigurationIsVisible = 0;
			defaultConfigurationName = Release;
		};
/* End XCConfigurationList section */

/* Begin XCRemoteSwiftPackageReference section */
		B21675CB288CFF8100979CBB /* XCRemoteSwiftPackageReference "Nimble" */ = {
			isa = XCRemoteSwiftPackageReference;
			repositoryURL = "https://github.com/Quick/Nimble";
			requirement = {
				branch = main;
				kind = branch;
			};
		};
		B21675D0288D064B00979CBB /* XCRemoteSwiftPackageReference "mockingbird" */ = {
			isa = XCRemoteSwiftPackageReference;
			repositoryURL = "https://github.com/birdrides/mockingbird";
			requirement = {
				branch = master;
				kind = branch;
			};
		};
		B2C268FA288E973600677F64 /* XCRemoteSwiftPackageReference "BrightFutures" */ = {
			isa = XCRemoteSwiftPackageReference;
			repositoryURL = "https://github.com/Thomvis/BrightFutures";
			requirement = {
				branch = master;
				kind = branch;
			};
		};
/* End XCRemoteSwiftPackageReference section */

/* Begin XCSwiftPackageProductDependency section */
		B21675CC288CFF8100979CBB /* Nimble */ = {
			isa = XCSwiftPackageProductDependency;
			package = B21675CB288CFF8100979CBB /* XCRemoteSwiftPackageReference "Nimble" */;
			productName = Nimble;
		};
		B21675D1288D064B00979CBB /* Mockingbird */ = {
			isa = XCSwiftPackageProductDependency;
			package = B21675D0288D064B00979CBB /* XCRemoteSwiftPackageReference "mockingbird" */;
			productName = Mockingbird;
		};
		B2C268FB288E973600677F64 /* BrightFutures */ = {
			isa = XCSwiftPackageProductDependency;
			package = B2C268FA288E973600677F64 /* XCRemoteSwiftPackageReference "BrightFutures" */;
			productName = BrightFutures;
		};
		B2C268FE288E974800677F64 /* BrightFutures */ = {
			isa = XCSwiftPackageProductDependency;
			package = B2C268FA288E973600677F64 /* XCRemoteSwiftPackageReference "BrightFutures" */;
			productName = BrightFutures;
		};
/* End XCSwiftPackageProductDependency section */
	};
	rootObject = B200B194288CF1D800BB7874 /* Project object */;
}
